// !$*UTF8*$!
{
	archiveVersion = 1;
	classes = {
	};
	objectVersion = 56;
	objects = {

/* Begin PBXBuildFile section */
		6D6524432B9558B90072A36C /* AppDelegate.swift in Sources */ = {isa = PBXBuildFile; fileRef = 6D6524422B9558B90072A36C /* AppDelegate.swift */; };
		6D6524452B9558B90072A36C /* SceneDelegate.swift in Sources */ = {isa = PBXBuildFile; fileRef = 6D6524442B9558B90072A36C /* SceneDelegate.swift */; };
		6D6524472B9558B90072A36C /* ViewController.swift in Sources */ = {isa = PBXBuildFile; fileRef = 6D6524462B9558B90072A36C /* ViewController.swift */; };
		6D65244A2B9558B90072A36C /* Main.storyboard in Resources */ = {isa = PBXBuildFile; fileRef = 6D6524482B9558B90072A36C /* Main.storyboard */; };
		6D65244D2B9558B90072A36C /* Upcoming.xcdatamodeld in Sources */ = {isa = PBXBuildFile; fileRef = 6D65244B2B9558B90072A36C /* Upcoming.xcdatamodeld */; };
		6D65244F2B9558BB0072A36C /* Assets.xcassets in Resources */ = {isa = PBXBuildFile; fileRef = 6D65244E2B9558BB0072A36C /* Assets.xcassets */; };
		6D6524522B9558BB0072A36C /* LaunchScreen.storyboard in Resources */ = {isa = PBXBuildFile; fileRef = 6D6524502B9558BB0072A36C /* LaunchScreen.storyboard */; };
		6D65245D2B9558BB0072A36C /* UpcomingTests.swift in Sources */ = {isa = PBXBuildFile; fileRef = 6D65245C2B9558BB0072A36C /* UpcomingTests.swift */; };
		6D6524672B9558BB0072A36C /* UpcomingUITests.swift in Sources */ = {isa = PBXBuildFile; fileRef = 6D6524662B9558BB0072A36C /* UpcomingUITests.swift */; };
		6D6524692B9558BB0072A36C /* UpcomingUITestsLaunchTests.swift in Sources */ = {isa = PBXBuildFile; fileRef = 6D6524682B9558BB0072A36C /* UpcomingUITestsLaunchTests.swift */; };
/* End PBXBuildFile section */

/* Begin PBXContainerItemProxy section */
		6D6524592B9558BB0072A36C /* PBXContainerItemProxy */ = {
			isa = PBXContainerItemProxy;
			containerPortal = 6D6524372B9558B90072A36C /* Project object */;
			proxyType = 1;
			remoteGlobalIDString = 6D65243E2B9558B90072A36C;
			remoteInfo = Upcoming;
		};
		6D6524632B9558BB0072A36C /* PBXContainerItemProxy */ = {
			isa = PBXContainerItemProxy;
			containerPortal = 6D6524372B9558B90072A36C /* Project object */;
			proxyType = 1;
			remoteGlobalIDString = 6D65243E2B9558B90072A36C;
			remoteInfo = Upcoming;
		};
/* End PBXContainerItemProxy section */

/* Begin PBXFileReference section */
		6D65243F2B9558B90072A36C /* Upcoming.app */ = {isa = PBXFileReference; explicitFileType = wrapper.application; includeInIndex = 0; path = Upcoming.app; sourceTree = BUILT_PRODUCTS_DIR; };
		6D6524422B9558B90072A36C /* AppDelegate.swift */ = {isa = PBXFileReference; lastKnownFileType = sourcecode.swift; path = AppDelegate.swift; sourceTree = "<group>"; };
		6D6524442B9558B90072A36C /* SceneDelegate.swift */ = {isa = PBXFileReference; lastKnownFileType = sourcecode.swift; path = SceneDelegate.swift; sourceTree = "<group>"; };
		6D6524462B9558B90072A36C /* ViewController.swift */ = {isa = PBXFileReference; lastKnownFileType = sourcecode.swift; path = ViewController.swift; sourceTree = "<group>"; };
		6D6524492B9558B90072A36C /* Base */ = {isa = PBXFileReference; lastKnownFileType = file.storyboard; name = Base; path = Base.lproj/Main.storyboard; sourceTree = "<group>"; };
		6D65244C2B9558B90072A36C /* Upcoming.xcdatamodel */ = {isa = PBXFileReference; lastKnownFileType = wrapper.xcdatamodel; path = Upcoming.xcdatamodel; sourceTree = "<group>"; };
		6D65244E2B9558BB0072A36C /* Assets.xcassets */ = {isa = PBXFileReference; lastKnownFileType = folder.assetcatalog; path = Assets.xcassets; sourceTree = "<group>"; };
		6D6524512B9558BB0072A36C /* Base */ = {isa = PBXFileReference; lastKnownFileType = file.storyboard; name = Base; path = Base.lproj/LaunchScreen.storyboard; sourceTree = "<group>"; };
		6D6524532B9558BB0072A36C /* Info.plist */ = {isa = PBXFileReference; lastKnownFileType = text.plist.xml; path = Info.plist; sourceTree = "<group>"; };
		6D6524582B9558BB0072A36C /* UpcomingTests.xctest */ = {isa = PBXFileReference; explicitFileType = wrapper.cfbundle; includeInIndex = 0; path = UpcomingTests.xctest; sourceTree = BUILT_PRODUCTS_DIR; };
		6D65245C2B9558BB0072A36C /* UpcomingTests.swift */ = {isa = PBXFileReference; lastKnownFileType = sourcecode.swift; path = UpcomingTests.swift; sourceTree = "<group>"; };
		6D6524622B9558BB0072A36C /* UpcomingUITests.xctest */ = {isa = PBXFileReference; explicitFileType = wrapper.cfbundle; includeInIndex = 0; path = UpcomingUITests.xctest; sourceTree = BUILT_PRODUCTS_DIR; };
		6D6524662B9558BB0072A36C /* UpcomingUITests.swift */ = {isa = PBXFileReference; lastKnownFileType = sourcecode.swift; path = UpcomingUITests.swift; sourceTree = "<group>"; };
		6D6524682B9558BB0072A36C /* UpcomingUITestsLaunchTests.swift */ = {isa = PBXFileReference; lastKnownFileType = sourcecode.swift; path = UpcomingUITestsLaunchTests.swift; sourceTree = "<group>"; };
/* End PBXFileReference section */

/* Begin PBXFrameworksBuildPhase section */
		6D65243C2B9558B90072A36C /* Frameworks */ = {
			isa = PBXFrameworksBuildPhase;
			buildActionMask = 2147483647;
			files = (
			);
			runOnlyForDeploymentPostprocessing = 0;
		};
		6D6524552B9558BB0072A36C /* Frameworks */ = {
			isa = PBXFrameworksBuildPhase;
			buildActionMask = 2147483647;
			files = (
			);
			runOnlyForDeploymentPostprocessing = 0;
		};
		6D65245F2B9558BB0072A36C /* Frameworks */ = {
			isa = PBXFrameworksBuildPhase;
			buildActionMask = 2147483647;
			files = (
			);
			runOnlyForDeploymentPostprocessing = 0;
		};
/* End PBXFrameworksBuildPhase section */

/* Begin PBXGroup section */
		6D6524362B9558B90072A36C = {
			isa = PBXGroup;
			children = (
				6D6524412B9558B90072A36C /* Upcoming */,
				6D65245B2B9558BB0072A36C /* UpcomingTests */,
				6D6524652B9558BB0072A36C /* UpcomingUITests */,
				6D6524402B9558B90072A36C /* Products */,
			);
			sourceTree = "<group>";
		};
		6D6524402B9558B90072A36C /* Products */ = {
			isa = PBXGroup;
			children = (
				6D65243F2B9558B90072A36C /* Upcoming.app */,
				6D6524582B9558BB0072A36C /* UpcomingTests.xctest */,
				6D6524622B9558BB0072A36C /* UpcomingUITests.xctest */,
			);
			name = Products;
			sourceTree = "<group>";
		};
		6D6524412B9558B90072A36C /* Upcoming */ = {
			isa = PBXGroup;
			children = (
				6D6524422B9558B90072A36C /* AppDelegate.swift */,
				6D6524442B9558B90072A36C /* SceneDelegate.swift */,
				6D6524462B9558B90072A36C /* ViewController.swift */,
				6D6524482B9558B90072A36C /* Main.storyboard */,
				6D65244E2B9558BB0072A36C /* Assets.xcassets */,
				6D6524502B9558BB0072A36C /* LaunchScreen.storyboard */,
				6D6524532B9558BB0072A36C /* Info.plist */,
				6D65244B2B9558B90072A36C /* Upcoming.xcdatamodeld */,
			);
			path = Upcoming;
			sourceTree = "<group>";
		};
		6D65245B2B9558BB0072A36C /* UpcomingTests */ = {
			isa = PBXGroup;
			children = (
				6D65245C2B9558BB0072A36C /* UpcomingTests.swift */,
			);
			path = UpcomingTests;
			sourceTree = "<group>";
		};
		6D6524652B9558BB0072A36C /* UpcomingUITests */ = {
			isa = PBXGroup;
			children = (
				6D6524662B9558BB0072A36C /* UpcomingUITests.swift */,
				6D6524682B9558BB0072A36C /* UpcomingUITestsLaunchTests.swift */,
			);
			path = UpcomingUITests;
			sourceTree = "<group>";
		};
/* End PBXGroup section */

/* Begin PBXNativeTarget section */
		6D65243E2B9558B90072A36C /* Upcoming */ = {
			isa = PBXNativeTarget;
			buildConfigurationList = 6D65246C2B9558BB0072A36C /* Build configuration list for PBXNativeTarget "Upcoming" */;
			buildPhases = (
				6D65243B2B9558B90072A36C /* Sources */,
				6D65243C2B9558B90072A36C /* Frameworks */,
				6D65243D2B9558B90072A36C /* Resources */,
			);
			buildRules = (
			);
			dependencies = (
			);
			name = Upcoming;
			productName = Upcoming;
			productReference = 6D65243F2B9558B90072A36C /* Upcoming.app */;
			productType = "com.apple.product-type.application";
		};
		6D6524572B9558BB0072A36C /* UpcomingTests */ = {
			isa = PBXNativeTarget;
			buildConfigurationList = 6D65246F2B9558BB0072A36C /* Build configuration list for PBXNativeTarget "UpcomingTests" */;
			buildPhases = (
				6D6524542B9558BB0072A36C /* Sources */,
				6D6524552B9558BB0072A36C /* Frameworks */,
				6D6524562B9558BB0072A36C /* Resources */,
			);
			buildRules = (
			);
			dependencies = (
				6D65245A2B9558BB0072A36C /* PBXTargetDependency */,
			);
			name = UpcomingTests;
			productName = UpcomingTests;
			productReference = 6D6524582B9558BB0072A36C /* UpcomingTests.xctest */;
			productType = "com.apple.product-type.bundle.unit-test";
		};
		6D6524612B9558BB0072A36C /* UpcomingUITests */ = {
			isa = PBXNativeTarget;
			buildConfigurationList = 6D6524722B9558BB0072A36C /* Build configuration list for PBXNativeTarget "UpcomingUITests" */;
			buildPhases = (
				6D65245E2B9558BB0072A36C /* Sources */,
				6D65245F2B9558BB0072A36C /* Frameworks */,
				6D6524602B9558BB0072A36C /* Resources */,
			);
			buildRules = (
			);
			dependencies = (
				6D6524642B9558BB0072A36C /* PBXTargetDependency */,
			);
			name = UpcomingUITests;
			productName = UpcomingUITests;
			productReference = 6D6524622B9558BB0072A36C /* UpcomingUITests.xctest */;
			productType = "com.apple.product-type.bundle.ui-testing";
		};
/* End PBXNativeTarget section */

/* Begin PBXProject section */
		6D6524372B9558B90072A36C /* Project object */ = {
			isa = PBXProject;
			attributes = {
				BuildIndependentTargetsInParallel = 1;
				LastSwiftUpdateCheck = 1520;
				LastUpgradeCheck = 1520;
				TargetAttributes = {
					6D65243E2B9558B90072A36C = {
						CreatedOnToolsVersion = 15.2;
					};
					6D6524572B9558BB0072A36C = {
						CreatedOnToolsVersion = 15.2;
						TestTargetID = 6D65243E2B9558B90072A36C;
					};
					6D6524612B9558BB0072A36C = {
						CreatedOnToolsVersion = 15.2;
						TestTargetID = 6D65243E2B9558B90072A36C;
					};
				};
			};
			buildConfigurationList = 6D65243A2B9558B90072A36C /* Build configuration list for PBXProject "Upcoming" */;
			compatibilityVersion = "Xcode 14.0";
			developmentRegion = en;
			hasScannedForEncodings = 0;
			knownRegions = (
				en,
				Base,
			);
			mainGroup = 6D6524362B9558B90072A36C;
			productRefGroup = 6D6524402B9558B90072A36C /* Products */;
			projectDirPath = "";
			projectRoot = "";
			targets = (
				6D65243E2B9558B90072A36C /* Upcoming */,
				6D6524572B9558BB0072A36C /* UpcomingTests */,
				6D6524612B9558BB0072A36C /* UpcomingUITests */,
			);
		};
/* End PBXProject section */

/* Begin PBXResourcesBuildPhase section */
		6D65243D2B9558B90072A36C /* Resources */ = {
			isa = PBXResourcesBuildPhase;
			buildActionMask = 2147483647;
			files = (
				6D6524522B9558BB0072A36C /* LaunchScreen.storyboard in Resources */,
				6D65244F2B9558BB0072A36C /* Assets.xcassets in Resources */,
				6D65244A2B9558B90072A36C /* Main.storyboard in Resources */,
			);
			runOnlyForDeploymentPostprocessing = 0;
		};
		6D6524562B9558BB0072A36C /* Resources */ = {
			isa = PBXResourcesBuildPhase;
			buildActionMask = 2147483647;
			files = (
			);
			runOnlyForDeploymentPostprocessing = 0;
		};
		6D6524602B9558BB0072A36C /* Resources */ = {
			isa = PBXResourcesBuildPhase;
			buildActionMask = 2147483647;
			files = (
			);
			runOnlyForDeploymentPostprocessing = 0;
		};
/* End PBXResourcesBuildPhase section */

/* Begin PBXSourcesBuildPhase section */
		6D65243B2B9558B90072A36C /* Sources */ = {
			isa = PBXSourcesBuildPhase;
			buildActionMask = 2147483647;
			files = (
				6D6524472B9558B90072A36C /* ViewController.swift in Sources */,
				6D6524432B9558B90072A36C /* AppDelegate.swift in Sources */,
				6D6524452B9558B90072A36C /* SceneDelegate.swift in Sources */,
				6D65244D2B9558B90072A36C /* Upcoming.xcdatamodeld in Sources */,
			);
			runOnlyForDeploymentPostprocessing = 0;
		};
		6D6524542B9558BB0072A36C /* Sources */ = {
			isa = PBXSourcesBuildPhase;
			buildActionMask = 2147483647;
			files = (
				6D65245D2B9558BB0072A36C /* UpcomingTests.swift in Sources */,
			);
			runOnlyForDeploymentPostprocessing = 0;
		};
		6D65245E2B9558BB0072A36C /* Sources */ = {
			isa = PBXSourcesBuildPhase;
			buildActionMask = 2147483647;
			files = (
				6D6524692B9558BB0072A36C /* UpcomingUITestsLaunchTests.swift in Sources */,
				6D6524672B9558BB0072A36C /* UpcomingUITests.swift in Sources */,
			);
			runOnlyForDeploymentPostprocessing = 0;
		};
/* End PBXSourcesBuildPhase section */

/* Begin PBXTargetDependency section */
		6D65245A2B9558BB0072A36C /* PBXTargetDependency */ = {
			isa = PBXTargetDependency;
			target = 6D65243E2B9558B90072A36C /* Upcoming */;
			targetProxy = 6D6524592B9558BB0072A36C /* PBXContainerItemProxy */;
		};
		6D6524642B9558BB0072A36C /* PBXTargetDependency */ = {
			isa = PBXTargetDependency;
			target = 6D65243E2B9558B90072A36C /* Upcoming */;
			targetProxy = 6D6524632B9558BB0072A36C /* PBXContainerItemProxy */;
		};
/* End PBXTargetDependency section */

/* Begin PBXVariantGroup section */
		6D6524482B9558B90072A36C /* Main.storyboard */ = {
			isa = PBXVariantGroup;
			children = (
				6D6524492B9558B90072A36C /* Base */,
			);
			name = Main.storyboard;
			sourceTree = "<group>";
		};
		6D6524502B9558BB0072A36C /* LaunchScreen.storyboard */ = {
			isa = PBXVariantGroup;
			children = (
				6D6524512B9558BB0072A36C /* Base */,
			);
			name = LaunchScreen.storyboard;
			sourceTree = "<group>";
		};
/* End PBXVariantGroup section */

/* Begin XCBuildConfiguration section */
		6D65246A2B9558BB0072A36C /* Debug */ = {
			isa = XCBuildConfiguration;
			buildSettings = {
				ALWAYS_SEARCH_USER_PATHS = NO;
				ASSETCATALOG_COMPILER_GENERATE_SWIFT_ASSET_SYMBOL_EXTENSIONS = YES;
				CLANG_ANALYZER_NONNULL = YES;
				CLANG_ANALYZER_NUMBER_OBJECT_CONVERSION = YES_AGGRESSIVE;
				CLANG_CXX_LANGUAGE_STANDARD = "gnu++20";
				CLANG_ENABLE_MODULES = YES;
				CLANG_ENABLE_OBJC_ARC = YES;
				CLANG_ENABLE_OBJC_WEAK = YES;
				CLANG_WARN_BLOCK_CAPTURE_AUTORELEASING = YES;
				CLANG_WARN_BOOL_CONVERSION = YES;
				CLANG_WARN_COMMA = YES;
				CLANG_WARN_CONSTANT_CONVERSION = YES;
				CLANG_WARN_DEPRECATED_OBJC_IMPLEMENTATIONS = YES;
				CLANG_WARN_DIRECT_OBJC_ISA_USAGE = YES_ERROR;
				CLANG_WARN_DOCUMENTATION_COMMENTS = YES;
				CLANG_WARN_EMPTY_BODY = YES;
				CLANG_WARN_ENUM_CONVERSION = YES;
				CLANG_WARN_INFINITE_RECURSION = YES;
				CLANG_WARN_INT_CONVERSION = YES;
				CLANG_WARN_NON_LITERAL_NULL_CONVERSION = YES;
				CLANG_WARN_OBJC_IMPLICIT_RETAIN_SELF = YES;
				CLANG_WARN_OBJC_LITERAL_CONVERSION = YES;
				CLANG_WARN_OBJC_ROOT_CLASS = YES_ERROR;
				CLANG_WARN_QUOTED_INCLUDE_IN_FRAMEWORK_HEADER = YES;
				CLANG_WARN_RANGE_LOOP_ANALYSIS = YES;
				CLANG_WARN_STRICT_PROTOTYPES = YES;
				CLANG_WARN_SUSPICIOUS_MOVE = YES;
				CLANG_WARN_UNGUARDED_AVAILABILITY = YES_AGGRESSIVE;
				CLANG_WARN_UNREACHABLE_CODE = YES;
				CLANG_WARN__DUPLICATE_METHOD_MATCH = YES;
				COPY_PHASE_STRIP = NO;
				DEBUG_INFORMATION_FORMAT = dwarf;
				ENABLE_STRICT_OBJC_MSGSEND = YES;
				ENABLE_TESTABILITY = YES;
				ENABLE_USER_SCRIPT_SANDBOXING = YES;
				GCC_C_LANGUAGE_STANDARD = gnu17;
				GCC_DYNAMIC_NO_PIC = NO;
				GCC_NO_COMMON_BLOCKS = YES;
				GCC_OPTIMIZATION_LEVEL = 0;
				GCC_PREPROCESSOR_DEFINITIONS = (
					"DEBUG=1",
					"$(inherited)",
				);
				GCC_WARN_64_TO_32_BIT_CONVERSION = YES;
				GCC_WARN_ABOUT_RETURN_TYPE = YES_ERROR;
				GCC_WARN_UNDECLARED_SELECTOR = YES;
				GCC_WARN_UNINITIALIZED_AUTOS = YES_AGGRESSIVE;
				GCC_WARN_UNUSED_FUNCTION = YES;
				GCC_WARN_UNUSED_VARIABLE = YES;
				IPHONEOS_DEPLOYMENT_TARGET = 17.2;
				LOCALIZATION_PREFERS_STRING_CATALOGS = YES;
				MTL_ENABLE_DEBUG_INFO = INCLUDE_SOURCE;
				MTL_FAST_MATH = YES;
				ONLY_ACTIVE_ARCH = YES;
				SDKROOT = iphoneos;
				SWIFT_ACTIVE_COMPILATION_CONDITIONS = "DEBUG $(inherited)";
				SWIFT_OPTIMIZATION_LEVEL = "-Onone";
			};
			name = Debug;
		};
		6D65246B2B9558BB0072A36C /* Release */ = {
			isa = XCBuildConfiguration;
			buildSettings = {
				ALWAYS_SEARCH_USER_PATHS = NO;
				ASSETCATALOG_COMPILER_GENERATE_SWIFT_ASSET_SYMBOL_EXTENSIONS = YES;
				CLANG_ANALYZER_NONNULL = YES;
				CLANG_ANALYZER_NUMBER_OBJECT_CONVERSION = YES_AGGRESSIVE;
				CLANG_CXX_LANGUAGE_STANDARD = "gnu++20";
				CLANG_ENABLE_MODULES = YES;
				CLANG_ENABLE_OBJC_ARC = YES;
				CLANG_ENABLE_OBJC_WEAK = YES;
				CLANG_WARN_BLOCK_CAPTURE_AUTORELEASING = YES;
				CLANG_WARN_BOOL_CONVERSION = YES;
				CLANG_WARN_COMMA = YES;
				CLANG_WARN_CONSTANT_CONVERSION = YES;
				CLANG_WARN_DEPRECATED_OBJC_IMPLEMENTATIONS = YES;
				CLANG_WARN_DIRECT_OBJC_ISA_USAGE = YES_ERROR;
				CLANG_WARN_DOCUMENTATION_COMMENTS = YES;
				CLANG_WARN_EMPTY_BODY = YES;
				CLANG_WARN_ENUM_CONVERSION = YES;
				CLANG_WARN_INFINITE_RECURSION = YES;
				CLANG_WARN_INT_CONVERSION = YES;
				CLANG_WARN_NON_LITERAL_NULL_CONVERSION = YES;
				CLANG_WARN_OBJC_IMPLICIT_RETAIN_SELF = YES;
				CLANG_WARN_OBJC_LITERAL_CONVERSION = YES;
				CLANG_WARN_OBJC_ROOT_CLASS = YES_ERROR;
				CLANG_WARN_QUOTED_INCLUDE_IN_FRAMEWORK_HEADER = YES;
				CLANG_WARN_RANGE_LOOP_ANALYSIS = YES;
				CLANG_WARN_STRICT_PROTOTYPES = YES;
				CLANG_WARN_SUSPICIOUS_MOVE = YES;
				CLANG_WARN_UNGUARDED_AVAILABILITY = YES_AGGRESSIVE;
				CLANG_WARN_UNREACHABLE_CODE = YES;
				CLANG_WARN__DUPLICATE_METHOD_MATCH = YES;
				COPY_PHASE_STRIP = NO;
				DEBUG_INFORMATION_FORMAT = "dwarf-with-dsym";
				ENABLE_NS_ASSERTIONS = NO;
				ENABLE_STRICT_OBJC_MSGSEND = YES;
				ENABLE_USER_SCRIPT_SANDBOXING = YES;
				GCC_C_LANGUAGE_STANDARD = gnu17;
				GCC_NO_COMMON_BLOCKS = YES;
				GCC_WARN_64_TO_32_BIT_CONVERSION = YES;
				GCC_WARN_ABOUT_RETURN_TYPE = YES_ERROR;
				GCC_WARN_UNDECLARED_SELECTOR = YES;
				GCC_WARN_UNINITIALIZED_AUTOS = YES_AGGRESSIVE;
				GCC_WARN_UNUSED_FUNCTION = YES;
				GCC_WARN_UNUSED_VARIABLE = YES;
				IPHONEOS_DEPLOYMENT_TARGET = 17.2;
				LOCALIZATION_PREFERS_STRING_CATALOGS = YES;
				MTL_ENABLE_DEBUG_INFO = NO;
				MTL_FAST_MATH = YES;
				SDKROOT = iphoneos;
				SWIFT_COMPILATION_MODE = wholemodule;
				VALIDATE_PRODUCT = YES;
			};
			name = Release;
		};
		6D65246D2B9558BB0072A36C /* Debug */ = {
			isa = XCBuildConfiguration;
			buildSettings = {
				ASSETCATALOG_COMPILER_APPICON_NAME = AppIcon;
				ASSETCATALOG_COMPILER_GLOBAL_ACCENT_COLOR_NAME = AccentColor;
				CODE_SIGN_STYLE = Automatic;
				CURRENT_PROJECT_VERSION = 1;
				DEVELOPMENT_TEAM = 5FTRQEU8QV;
				GENERATE_INFOPLIST_FILE = YES;
				INFOPLIST_FILE = Upcoming/Info.plist;
				INFOPLIST_KEY_UIApplicationSupportsIndirectInputEvents = YES;
				INFOPLIST_KEY_UILaunchStoryboardName = LaunchScreen;
				INFOPLIST_KEY_UIMainStoryboardFile = Main;
				INFOPLIST_KEY_UISupportedInterfaceOrientations_iPad = "UIInterfaceOrientationPortrait UIInterfaceOrientationPortraitUpsideDown UIInterfaceOrientationLandscapeLeft UIInterfaceOrientationLandscapeRight";
				INFOPLIST_KEY_UISupportedInterfaceOrientations_iPhone = "UIInterfaceOrientationPortrait UIInterfaceOrientationLandscapeLeft UIInterfaceOrientationLandscapeRight";
				LD_RUNPATH_SEARCH_PATHS = (
					"$(inherited)",
					"@executable_path/Frameworks",
				);
				MARKETING_VERSION = 1.0;
				PRODUCT_BUNDLE_IDENTIFIER = com.hivegru.Upcoming;
				PRODUCT_NAME = "$(TARGET_NAME)";
				SWIFT_EMIT_LOC_STRINGS = YES;
				SWIFT_VERSION = 5.0;
				TARGETED_DEVICE_FAMILY = "1,2";
			};
			name = Debug;
		};
		6D65246E2B9558BB0072A36C /* Release */ = {
			isa = XCBuildConfiguration;
			buildSettings = {
				ASSETCATALOG_COMPILER_APPICON_NAME = AppIcon;
				ASSETCATALOG_COMPILER_GLOBAL_ACCENT_COLOR_NAME = AccentColor;
				CODE_SIGN_STYLE = Automatic;
				CURRENT_PROJECT_VERSION = 1;
				DEVELOPMENT_TEAM = 5FTRQEU8QV;
				GENERATE_INFOPLIST_FILE = YES;
				INFOPLIST_FILE = Upcoming/Info.plist;
				INFOPLIST_KEY_UIApplicationSupportsIndirectInputEvents = YES;
				INFOPLIST_KEY_UILaunchStoryboardName = LaunchScreen;
				INFOPLIST_KEY_UIMainStoryboardFile = Main;
				INFOPLIST_KEY_UISupportedInterfaceOrientations_iPad = "UIInterfaceOrientationPortrait UIInterfaceOrientationPortraitUpsideDown UIInterfaceOrientationLandscapeLeft UIInterfaceOrientationLandscapeRight";
				INFOPLIST_KEY_UISupportedInterfaceOrientations_iPhone = "UIInterfaceOrientationPortrait UIInterfaceOrientationLandscapeLeft UIInterfaceOrientationLandscapeRight";
				LD_RUNPATH_SEARCH_PATHS = (
					"$(inherited)",
					"@executable_path/Frameworks",
				);
				MARKETING_VERSION = 1.0;
				PRODUCT_BUNDLE_IDENTIFIER = com.hivegru.Upcoming;
				PRODUCT_NAME = "$(TARGET_NAME)";
				SWIFT_EMIT_LOC_STRINGS = YES;
				SWIFT_VERSION = 5.0;
				TARGETED_DEVICE_FAMILY = "1,2";
			};
			name = Release;
		};
		6D6524702B9558BB0072A36C /* Debug */ = {
			isa = XCBuildConfiguration;
			buildSettings = {
				ALWAYS_EMBED_SWIFT_STANDARD_LIBRARIES = YES;
				BUNDLE_LOADER = "$(TEST_HOST)";
				CODE_SIGN_STYLE = Automatic;
				CURRENT_PROJECT_VERSION = 1;
				DEVELOPMENT_TEAM = 5FTRQEU8QV;
				GENERATE_INFOPLIST_FILE = YES;
				IPHONEOS_DEPLOYMENT_TARGET = 17.2;
				MARKETING_VERSION = 1.0;
				PRODUCT_BUNDLE_IDENTIFIER = com.hivegru.UpcomingTests;
				PRODUCT_NAME = "$(TARGET_NAME)";
				SWIFT_EMIT_LOC_STRINGS = NO;
				SWIFT_VERSION = 5.0;
				TARGETED_DEVICE_FAMILY = "1,2";
				TEST_HOST = "$(BUILT_PRODUCTS_DIR)/Upcoming.app/$(BUNDLE_EXECUTABLE_FOLDER_PATH)/Upcoming";
			};
			name = Debug;
		};
		6D6524712B9558BB0072A36C /* Release */ = {
			isa = XCBuildConfiguration;
			buildSettings = {
				ALWAYS_EMBED_SWIFT_STANDARD_LIBRARIES = YES;
				BUNDLE_LOADER = "$(TEST_HOST)";
				CODE_SIGN_STYLE = Automatic;
				CURRENT_PROJECT_VERSION = 1;
				DEVELOPMENT_TEAM = 5FTRQEU8QV;
				GENERATE_INFOPLIST_FILE = YES;
				IPHONEOS_DEPLOYMENT_TARGET = 17.2;
				MARKETING_VERSION = 1.0;
				PRODUCT_BUNDLE_IDENTIFIER = com.hivegru.UpcomingTests;
				PRODUCT_NAME = "$(TARGET_NAME)";
				SWIFT_EMIT_LOC_STRINGS = NO;
				SWIFT_VERSION = 5.0;
				TARGETED_DEVICE_FAMILY = "1,2";
				TEST_HOST = "$(BUILT_PRODUCTS_DIR)/Upcoming.app/$(BUNDLE_EXECUTABLE_FOLDER_PATH)/Upcoming";
			};
			name = Release;
		};
		6D6524732B9558BB0072A36C /* Debug */ = {
			isa = XCBuildConfiguration;
			buildSettings = {
				ALWAYS_EMBED_SWIFT_STANDARD_LIBRARIES = YES;
				CODE_SIGN_STYLE = Automatic;
				CURRENT_PROJECT_VERSION = 1;
				DEVELOPMENT_TEAM = 5FTRQEU8QV;
				GENERATE_INFOPLIST_FILE = YES;
				MARKETING_VERSION = 1.0;
				PRODUCT_BUNDLE_IDENTIFIER = com.hivegru.UpcomingUITests;
				PRODUCT_NAME = "$(TARGET_NAME)";
				SWIFT_EMIT_LOC_STRINGS = NO;
				SWIFT_VERSION = 5.0;
				TARGETED_DEVICE_FAMILY = "1,2";
				TEST_TARGET_NAME = Upcoming;
			};
			name = Debug;
		};
		6D6524742B9558BB0072A36C /* Release */ = {
			isa = XCBuildConfiguration;
			buildSettings = {
				ALWAYS_EMBED_SWIFT_STANDARD_LIBRARIES = YES;
				CODE_SIGN_STYLE = Automatic;
				CURRENT_PROJECT_VERSION = 1;
				DEVELOPMENT_TEAM = 5FTRQEU8QV;
				GENERATE_INFOPLIST_FILE = YES;
				MARKETING_VERSION = 1.0;
				PRODUCT_BUNDLE_IDENTIFIER = com.hivegru.UpcomingUITests;
				PRODUCT_NAME = "$(TARGET_NAME)";
				SWIFT_EMIT_LOC_STRINGS = NO;
				SWIFT_VERSION = 5.0;
				TARGETED_DEVICE_FAMILY = "1,2";
				TEST_TARGET_NAME = Upcoming;
			};
			name = Release;
		};
/* End XCBuildConfiguration section */

/* Begin XCConfigurationList section */
		6D65243A2B9558B90072A36C /* Build configuration list for PBXProject "Upcoming" */ = {
			isa = XCConfigurationList;
			buildConfigurations = (
				6D65246A2B9558BB0072A36C /* Debug */,
				6D65246B2B9558BB0072A36C /* Release */,
			);
			defaultConfigurationIsVisible = 0;
			defaultConfigurationName = Release;
		};
		6D65246C2B9558BB0072A36C /* Build configuration list for PBXNativeTarget "Upcoming" */ = {
			isa = XCConfigurationList;
			buildConfigurations = (
				6D65246D2B9558BB0072A36C /* Debug */,
				6D65246E2B9558BB0072A36C /* Release */,
			);
			defaultConfigurationIsVisible = 0;
			defaultConfigurationName = Release;
		};
		6D65246F2B9558BB0072A36C /* Build configuration list for PBXNativeTarget "UpcomingTests" */ = {
			isa = XCConfigurationList;
			buildConfigurations = (
				6D6524702B9558BB0072A36C /* Debug */,
				6D6524712B9558BB0072A36C /* Release */,
			);
			defaultConfigurationIsVisible = 0;
			defaultConfigurationName = Release;
		};
		6D6524722B9558BB0072A36C /* Build configuration list for PBXNativeTarget "UpcomingUITests" */ = {
			isa = XCConfigurationList;
			buildConfigurations = (
				6D6524732B9558BB0072A36C /* Debug */,
				6D6524742B9558BB0072A36C /* Release */,
			);
			defaultConfigurationIsVisible = 0;
			defaultConfigurationName = Release;
		};
/* End XCConfigurationList section */

/* Begin XCVersionGroup section */
		6D65244B2B9558B90072A36C /* Upcoming.xcdatamodeld */ = {
			isa = XCVersionGroup;
			children = (
				6D65244C2B9558B90072A36C /* Upcoming.xcdatamodel */,
			);
			currentVersion = 6D65244C2B9558B90072A36C /* Upcoming.xcdatamodel */;
			path = Upcoming.xcdatamodeld;
			sourceTree = "<group>";
			versionGroupType = wrapper.xcdatamodel;
		};
/* End XCVersionGroup section */
	};
	rootObject = 6D6524372B9558B90072A36C /* Project object */;
}
